
Microsoft Visual Studio Solution File, Format Version 12.00
# Visual Studio Version 16
VisualStudioVersion = 16.0.31112.23
MinimumVisualStudioVersion = 10.0.40219.1
Project("{FAE04EC0-301F-11D3-BF4B-00C04F79EFBC}") = "LogingInApp", "LogingInApp\LogingInApp.csproj", "{82334EEA-CA11-4675-A7AB-43C059DC9C1C}"
EndProject
Global
	GlobalSection(SolutionConfigurationPlatforms) = preSolution
		Debug|Any CPU = Debug|Any CPU
		Release|Any CPU = Release|Any CPU
	EndGlobalSection
	GlobalSection(ProjectConfigurationPlatforms) = postSolution
		{82334EEA-CA11-4675-A7AB-43C059DC9C1C}.Debug|Any CPU.ActiveCfg = Debug|Any CPU
		{82334EEA-CA11-4675-A7AB-43C059DC9C1C}.Debug|Any CPU.Build.0 = Debug|Any CPU
		{82334EEA-CA11-4675-A7AB-43C059DC9C1C}.Release|Any CPU.ActiveCfg = Release|Any CPU
		{82334EEA-CA11-4675-A7AB-43C059DC9C1C}.Release|Any CPU.Build.0 = Release|Any CPU
	EndGlobalSection
	GlobalSection(SolutionProperties) = preSolution
		HideSolutionNode = FALSE
	EndGlobalSection
	GlobalSection(ExtensibilityGlobals) = postSolution
		SolutionGuid = {5F88D713-EF55-4603-8A43-1F6962652EEC}
	EndGlobalSection
EndGlobal
